
Microsoft Visual Studio Solution File, Format Version 12.00
# Visual Studio Version 16
VisualStudioVersion = 16.0.29201.188
MinimumVisualStudioVersion = 10.0.40219.1
Project("{9A19103F-16F7-4668-BE54-9A1E7A4F7556}") = "Moq.ArgumentMatchers.FluentAssertions", "Moq.ArgumentMatchers.FluentAssertions\Moq.ArgumentMatchers.FluentAssertions.csproj", "{F024CE2C-FD77-48AE-A731-B5B1446D8C9B}"
EndProject
Project("{9A19103F-16F7-4668-BE54-9A1E7A4F7556}") = "Moq.ArgumentMatchers.FluentAssertions.Tests", "Moq.ArgumentMatchers.FluentAssertions.Tests\Moq.ArgumentMatchers.FluentAssertions.Tests.csproj", "{7A774CCD-DBFC-4369-A6C8-182AC5EC416E}"
EndProject
Project("{2150E333-8FDC-42A3-9474-1A3956D46DE8}") = "Solution Items", "Solution Items", "{60A86F2F-66E5-46FE-90FB-89FC9E03C122}"
	ProjectSection(SolutionItems) = preProject
		azure-pipelines.yml = azure-pipelines.yml
		README.md = README.md
	EndProjectSection
EndProject
Project("{FAE04EC0-301F-11D3-BF4B-00C04F79EFBC}") = "Moq.ArgumentMatchers.FluentAssertions.Tests.Net45", "Moq.ArgumentMatchers.FluentAssertions.Tests.Net45\Moq.ArgumentMatchers.FluentAssertions.Tests.Net45.csproj", "{C63E5F2D-2ADE-436C-94D3-176FFB04EE6A}"
EndProject
Global
	GlobalSection(SolutionConfigurationPlatforms) = preSolution
		Debug|Any CPU = Debug|Any CPU
		Release|Any CPU = Release|Any CPU
	EndGlobalSection
	GlobalSection(ProjectConfigurationPlatforms) = postSolution
		{F024CE2C-FD77-48AE-A731-B5B1446D8C9B}.Debug|Any CPU.ActiveCfg = Debug|Any CPU
		{F024CE2C-FD77-48AE-A731-B5B1446D8C9B}.Debug|Any CPU.Build.0 = Debug|Any CPU
		{F024CE2C-FD77-48AE-A731-B5B1446D8C9B}.Release|Any CPU.ActiveCfg = Release|Any CPU
		{F024CE2C-FD77-48AE-A731-B5B1446D8C9B}.Release|Any CPU.Build.0 = Release|Any CPU
		{7A774CCD-DBFC-4369-A6C8-182AC5EC416E}.Debug|Any CPU.ActiveCfg = Debug|Any CPU
		{7A774CCD-DBFC-4369-A6C8-182AC5EC416E}.Debug|Any CPU.Build.0 = Debug|Any CPU
		{7A774CCD-DBFC-4369-A6C8-182AC5EC416E}.Release|Any CPU.ActiveCfg = Release|Any CPU
		{7A774CCD-DBFC-4369-A6C8-182AC5EC416E}.Release|Any CPU.Build.0 = Release|Any CPU
		{C63E5F2D-2ADE-436C-94D3-176FFB04EE6A}.Debug|Any CPU.ActiveCfg = Debug|Any CPU
		{C63E5F2D-2ADE-436C-94D3-176FFB04EE6A}.Debug|Any CPU.Build.0 = Debug|Any CPU
		{C63E5F2D-2ADE-436C-94D3-176FFB04EE6A}.Release|Any CPU.ActiveCfg = Release|Any CPU
		{C63E5F2D-2ADE-436C-94D3-176FFB04EE6A}.Release|Any CPU.Build.0 = Release|Any CPU
	EndGlobalSection
	GlobalSection(SolutionProperties) = preSolution
		HideSolutionNode = FALSE
	EndGlobalSection
	GlobalSection(ExtensibilityGlobals) = postSolution
		SolutionGuid = {94EBE681-330D-4CE1-B4CA-3AFFD76AB403}
	EndGlobalSection
EndGlobal
