
Microsoft Visual Studio Solution File, Format Version 12.00
# Visual Studio Version 17
VisualStudioVersion = 17.5.33516.290
MinimumVisualStudioVersion = 10.0.40219.1
Project("{9A19103F-16F7-4668-BE54-9A1E7A4F7556}") = "Tests.FluentAssertions6Minimum.Moq4Minimum", "Tests.FluentAssertions6Minimum.Moq4Minimum\Tests.FluentAssertions6Minimum.Moq4Minimum.csproj", "{EEE5C262-7B5B-4B6E-8B9E-40A829099BB0}"
EndProject
Project("{9A19103F-16F7-4668-BE54-9A1E7A4F7556}") = "Tests.FluentAssertions6Latest.Moq4Latest", "Tests.FluentAssertions6Latest.Moq4Latest\Tests.FluentAssertions6Latest.Moq4Latest.csproj", "{37A4B3C7-F21A-478B-A722-627B6924EADD}"
EndProject
Global
	GlobalSection(SolutionConfigurationPlatforms) = preSolution
		Debug|Any CPU = Debug|Any CPU
		Release|Any CPU = Release|Any CPU
	EndGlobalSection
	GlobalSection(ProjectConfigurationPlatforms) = postSolution
		{EEE5C262-7B5B-4B6E-8B9E-40A829099BB0}.Debug|Any CPU.ActiveCfg = Debug|Any CPU
		{EEE5C262-7B5B-4B6E-8B9E-40A829099BB0}.Debug|Any CPU.Build.0 = Debug|Any CPU
		{EEE5C262-7B5B-4B6E-8B9E-40A829099BB0}.Release|Any CPU.ActiveCfg = Release|Any CPU
		{EEE5C262-7B5B-4B6E-8B9E-40A829099BB0}.Release|Any CPU.Build.0 = Release|Any CPU
		{37A4B3C7-F21A-478B-A722-627B6924EADD}.Debug|Any CPU.ActiveCfg = Debug|Any CPU
		{37A4B3C7-F21A-478B-A722-627B6924EADD}.Debug|Any CPU.Build.0 = Debug|Any CPU
		{37A4B3C7-F21A-478B-A722-627B6924EADD}.Release|Any CPU.ActiveCfg = Release|Any CPU
		{37A4B3C7-F21A-478B-A722-627B6924EADD}.Release|Any CPU.Build.0 = Release|Any CPU
	EndGlobalSection
	GlobalSection(SolutionProperties) = preSolution
		HideSolutionNode = FALSE
	EndGlobalSection
	GlobalSection(ExtensibilityGlobals) = postSolution
		SolutionGuid = {414373D9-9CAE-40CD-8D87-F051B4E171C7}
	EndGlobalSection
EndGlobal
